
Microsoft Visual Studio Solution File, Format Version 12.00
# Visual Studio Version 17
VisualStudioVersion = 17.0.31919.166
MinimumVisualStudioVersion = 10.0.40219.1
Project("{FAE04EC0-301F-11D3-BF4B-00C04F79EFBC}") = "PandigitalNumber", "PandigitalNumber.csproj", "{EB774471-F495-4E08-8580-0E055782E0F8}"
EndProject
Global
	GlobalSection(SolutionConfigurationPlatforms) = preSolution
		Debug|Any CPU = Debug|Any CPU
		Release|Any CPU = Release|Any CPU
	EndGlobalSection
	GlobalSection(ProjectConfigurationPlatforms) = postSolution
		{EB774471-F495-4E08-8580-0E055782E0F8}.Debug|Any CPU.ActiveCfg = Debug|Any CPU
		{EB774471-F495-4E08-8580-0E055782E0F8}.Debug|Any CPU.Build.0 = Debug|Any CPU
		{EB774471-F495-4E08-8580-0E055782E0F8}.Release|Any CPU.ActiveCfg = Release|Any CPU
		{EB774471-F495-4E08-8580-0E055782E0F8}.Release|Any CPU.Build.0 = Release|Any CPU
	EndGlobalSection
	GlobalSection(SolutionProperties) = preSolution
		HideSolutionNode = FALSE
	EndGlobalSection
	GlobalSection(ExtensibilityGlobals) = postSolution
		SolutionGuid = {C4E576B5-53B8-462A-8310-B63D62B66CE1}
	EndGlobalSection
EndGlobal
